// !$*UTF8*$!
{
	archiveVersion = 1;
	classes = {
	};
	objectVersion = 56;
	objects = {

/* Begin PBXBuildFile section */
		7F09054C2B185E2B00F0637C /* Final_Project_MoLabApp.swift in Sources */ = {isa = PBXBuildFile; fileRef = 7F09054B2B185E2B00F0637C /* Final_Project_MoLabApp.swift */; };
		7F09054E2B185E2B00F0637C /* DiceViewController.swift in Sources */ = {isa = PBXBuildFile; fileRef = 7F09054D2B185E2B00F0637C /* DiceViewController.swift */; };
		7F0905502B185E2C00F0637C /* Assets.xcassets in Resources */ = {isa = PBXBuildFile; fileRef = 7F09054F2B185E2C00F0637C /* Assets.xcassets */; };
		7F0905532B185E2C00F0637C /* Preview Assets.xcassets in Resources */ = {isa = PBXBuildFile; fileRef = 7F0905522B185E2C00F0637C /* Preview Assets.xcassets */; };
		7F0905602B187F7600F0637C /* dice.dae in Resources */ = {isa = PBXBuildFile; fileRef = 7F09055F2B187F7600F0637C /* dice.dae */; };
		7FC4FDCB2B218B8F007EFD2D /* MineMapViewController.swift in Sources */ = {isa = PBXBuildFile; fileRef = 7FC4FDCA2B218B8F007EFD2D /* MineMapViewController.swift */; };
		7FC4FDCD2B2195F6007EFD2D /* SharedResults.swift in Sources */ = {isa = PBXBuildFile; fileRef = 7FC4FDCC2B2195F6007EFD2D /* SharedResults.swift */; };
/* End PBXBuildFile section */

/* Begin PBXFileReference section */
		7F0905482B185E2B00F0637C /* Final Project_MoLab.app */ = {isa = PBXFileReference; explicitFileType = wrapper.application; includeInIndex = 0; path = "Final Project_MoLab.app"; sourceTree = BUILT_PRODUCTS_DIR; };
		7F09054B2B185E2B00F0637C /* Final_Project_MoLabApp.swift */ = {isa = PBXFileReference; lastKnownFileType = sourcecode.swift; path = Final_Project_MoLabApp.swift; sourceTree = "<group>"; };
		7F09054D2B185E2B00F0637C /* DiceViewController.swift */ = {isa = PBXFileReference; lastKnownFileType = sourcecode.swift; path = DiceViewController.swift; sourceTree = "<group>"; };
		7F09054F2B185E2C00F0637C /* Assets.xcassets */ = {isa = PBXFileReference; lastKnownFileType = folder.assetcatalog; path = Assets.xcassets; sourceTree = "<group>"; };
		7F0905522B185E2C00F0637C /* Preview Assets.xcassets */ = {isa = PBXFileReference; lastKnownFileType = folder.assetcatalog; path = "Preview Assets.xcassets"; sourceTree = "<group>"; };
		7F09055F2B187F7600F0637C /* dice.dae */ = {isa = PBXFileReference; fileEncoding = 4; lastKnownFileType = text.xml.dae; path = dice.dae; sourceTree = "<group>"; };
		7FC4FDCA2B218B8F007EFD2D /* MineMapViewController.swift */ = {isa = PBXFileReference; lastKnownFileType = sourcecode.swift; path = MineMapViewController.swift; sourceTree = "<group>"; };
		7FC4FDCC2B2195F6007EFD2D /* SharedResults.swift */ = {isa = PBXFileReference; lastKnownFileType = sourcecode.swift; path = SharedResults.swift; sourceTree = "<group>"; };
/* End PBXFileReference section */

/* Begin PBXFrameworksBuildPhase section */
		7F0905452B185E2B00F0637C /* Frameworks */ = {
			isa = PBXFrameworksBuildPhase;
			buildActionMask = 2147483647;
			files = (
			);
			runOnlyForDeploymentPostprocessing = 0;
		};
/* End PBXFrameworksBuildPhase section */

/* Begin PBXGroup section */
		7F09053F2B185E2B00F0637C = {
			isa = PBXGroup;
			children = (
				7F09054A2B185E2B00F0637C /* Final Project_MoLab */,
				7F0905492B185E2B00F0637C /* Products */,
			);
			sourceTree = "<group>";
		};
		7F0905492B185E2B00F0637C /* Products */ = {
			isa = PBXGroup;
			children = (
				7F0905482B185E2B00F0637C /* Final Project_MoLab.app */,
			);
			name = Products;
			sourceTree = "<group>";
		};
		7F09054A2B185E2B00F0637C /* Final Project_MoLab */ = {
			isa = PBXGroup;
			children = (
				7FC4FDCC2B2195F6007EFD2D /* SharedResults.swift */,
				7FC4FDCA2B218B8F007EFD2D /* MineMapViewController.swift */,
				7F09054B2B185E2B00F0637C /* Final_Project_MoLabApp.swift */,
				7F09054D2B185E2B00F0637C /* DiceViewController.swift */,
				7F09054F2B185E2C00F0637C /* Assets.xcassets */,
				7F09055F2B187F7600F0637C /* dice.dae */,
				7F0905512B185E2C00F0637C /* Preview Content */,
			);
			path = "Final Project_MoLab";
			sourceTree = "<group>";
		};
		7F0905512B185E2C00F0637C /* Preview Content */ = {
			isa = PBXGroup;
			children = (
				7F0905522B185E2C00F0637C /* Preview Assets.xcassets */,
			);
			path = "Preview Content";
			sourceTree = "<group>";
		};
/* End PBXGroup section */

/* Begin PBXNativeTarget section */
		7F0905472B185E2B00F0637C /* Final Project_MoLab */ = {
			isa = PBXNativeTarget;
			buildConfigurationList = 7F0905562B185E2C00F0637C /* Build configuration list for PBXNativeTarget "Final Project_MoLab" */;
			buildPhases = (
				7F0905442B185E2B00F0637C /* Sources */,
				7F0905452B185E2B00F0637C /* Frameworks */,
				7F0905462B185E2B00F0637C /* Resources */,
			);
			buildRules = (
			);
			dependencies = (
			);
			name = "Final Project_MoLab";
			productName = "Final Project_MoLab";
			productReference = 7F0905482B185E2B00F0637C /* Final Project_MoLab.app */;
			productType = "com.apple.product-type.application";
		};
/* End PBXNativeTarget section */

/* Begin PBXProject section */
		7F0905402B185E2B00F0637C /* Project object */ = {
			isa = PBXProject;
			attributes = {
				BuildIndependentTargetsInParallel = 1;
				LastSwiftUpdateCheck = 1500;
				LastUpgradeCheck = 1500;
				TargetAttributes = {
					7F0905472B185E2B00F0637C = {
						CreatedOnToolsVersion = 15.0;
					};
				};
			};
			buildConfigurationList = 7F0905432B185E2B00F0637C /* Build configuration list for PBXProject "Final Project_MoLab" */;
			compatibilityVersion = "Xcode 14.0";
			developmentRegion = en;
			hasScannedForEncodings = 0;
			knownRegions = (
				en,
				Base,
			);
			mainGroup = 7F09053F2B185E2B00F0637C;
			productRefGroup = 7F0905492B185E2B00F0637C /* Products */;
			projectDirPath = "";
			projectRoot = "";
			targets = (
				7F0905472B185E2B00F0637C /* Final Project_MoLab */,
			);
		};
/* End PBXProject section */

/* Begin PBXResourcesBuildPhase section */
		7F0905462B185E2B00F0637C /* Resources */ = {
			isa = PBXResourcesBuildPhase;
			buildActionMask = 2147483647;
			files = (
				7F0905602B187F7600F0637C /* dice.dae in Resources */,
				7F0905532B185E2C00F0637C /* Preview Assets.xcassets in Resources */,
				7F0905502B185E2C00F0637C /* Assets.xcassets in Resources */,
			);
			runOnlyForDeploymentPostprocessing = 0;
		};
/* End PBXResourcesBuildPhase section */

/* Begin PBXSourcesBuildPhase section */
		7F0905442B185E2B00F0637C /* Sources */ = {
			isa = PBXSourcesBuildPhase;
			buildActionMask = 2147483647;
			files = (
				7FC4FDCB2B218B8F007EFD2D /* MineMapViewController.swift in Sources */,
				7F09054E2B185E2B00F0637C /* DiceViewController.swift in Sources */,
				7F09054C2B185E2B00F0637C /* Final_Project_MoLabApp.swift in Sources */,
				7FC4FDCD2B2195F6007EFD2D /* SharedResults.swift in Sources */,
			);
			runOnlyForDeploymentPostprocessing = 0;
		};
/* End PBXSourcesBuildPhase section */

/* Begin XCBuildConfiguration section */
		7F0905542B185E2C00F0637C /* Debug */ = {
			isa = XCBuildConfiguration;
			buildSettings = {
				ALWAYS_SEARCH_USER_PATHS = NO;
				ASSETCATALOG_COMPILER_GENERATE_SWIFT_ASSET_SYMBOL_EXTENSIONS = YES;
				CLANG_ANALYZER_NONNULL = YES;
				CLANG_ANALYZER_NUMBER_OBJECT_CONVERSION = YES_AGGRESSIVE;
				CLANG_CXX_LANGUAGE_STANDARD = "gnu++20";
				CLANG_ENABLE_MODULES = YES;
				CLANG_ENABLE_OBJC_ARC = YES;
				CLANG_ENABLE_OBJC_WEAK = YES;
				CLANG_WARN_BLOCK_CAPTURE_AUTORELEASING = YES;
				CLANG_WARN_BOOL_CONVERSION = YES;
				CLANG_WARN_COMMA = YES;
				CLANG_WARN_CONSTANT_CONVERSION = YES;
				CLANG_WARN_DEPRECATED_OBJC_IMPLEMENTATIONS = YES;
				CLANG_WARN_DIRECT_OBJC_ISA_USAGE = YES_ERROR;
				CLANG_WARN_DOCUMENTATION_COMMENTS = YES;
				CLANG_WARN_EMPTY_BODY = YES;
				CLANG_WARN_ENUM_CONVERSION = YES;
				CLANG_WARN_INFINITE_RECURSION = YES;
				CLANG_WARN_INT_CONVERSION = YES;
				CLANG_WARN_NON_LITERAL_NULL_CONVERSION = YES;
				CLANG_WARN_OBJC_IMPLICIT_RETAIN_SELF = YES;
				CLANG_WARN_OBJC_LITERAL_CONVERSION = YES;
				CLANG_WARN_OBJC_ROOT_CLASS = YES_ERROR;
				CLANG_WARN_QUOTED_INCLUDE_IN_FRAMEWORK_HEADER = YES;
				CLANG_WARN_RANGE_LOOP_ANALYSIS = YES;
				CLANG_WARN_STRICT_PROTOTYPES = YES;
				CLANG_WARN_SUSPICIOUS_MOVE = YES;
				CLANG_WARN_UNGUARDED_AVAILABILITY = YES_AGGRESSIVE;
				CLANG_WARN_UNREACHABLE_CODE = YES;
				CLANG_WARN__DUPLICATE_METHOD_MATCH = YES;
				COPY_PHASE_STRIP = NO;
				DEBUG_INFORMATION_FORMAT = dwarf;
				ENABLE_STRICT_OBJC_MSGSEND = YES;
				ENABLE_TESTABILITY = YES;
				ENABLE_USER_SCRIPT_SANDBOXING = YES;
				GCC_C_LANGUAGE_STANDARD = gnu17;
				GCC_DYNAMIC_NO_PIC = NO;
				GCC_NO_COMMON_BLOCKS = YES;
				GCC_OPTIMIZATION_LEVEL = 0;
				GCC_PREPROCESSOR_DEFINITIONS = (
					"DEBUG=1",
					"$(inherited)",
				);
				GCC_WARN_64_TO_32_BIT_CONVERSION = YES;
				GCC_WARN_ABOUT_RETURN_TYPE = YES_ERROR;
				GCC_WARN_UNDECLARED_SELECTOR = YES;
				GCC_WARN_UNINITIALIZED_AUTOS = YES_AGGRESSIVE;
				GCC_WARN_UNUSED_FUNCTION = YES;
				GCC_WARN_UNUSED_VARIABLE = YES;
				IPHONEOS_DEPLOYMENT_TARGET = 17.0;
				LOCALIZATION_PREFERS_STRING_CATALOGS = YES;
				MTL_ENABLE_DEBUG_INFO = INCLUDE_SOURCE;
				MTL_FAST_MATH = YES;
				ONLY_ACTIVE_ARCH = YES;
				SDKROOT = iphoneos;
				SWIFT_ACTIVE_COMPILATION_CONDITIONS = "DEBUG $(inherited)";
				SWIFT_OPTIMIZATION_LEVEL = "-Onone";
			};
			name = Debug;
		};
		7F0905552B185E2C00F0637C /* Release */ = {
			isa = XCBuildConfiguration;
			buildSettings = {
				ALWAYS_SEARCH_USER_PATHS = NO;
				ASSETCATALOG_COMPILER_GENERATE_SWIFT_ASSET_SYMBOL_EXTENSIONS = YES;
				CLANG_ANALYZER_NONNULL = YES;
				CLANG_ANALYZER_NUMBER_OBJECT_CONVERSION = YES_AGGRESSIVE;
				CLANG_CXX_LANGUAGE_STANDARD = "gnu++20";
				CLANG_ENABLE_MODULES = YES;
				CLANG_ENABLE_OBJC_ARC = YES;
				CLANG_ENABLE_OBJC_WEAK = YES;
				CLANG_WARN_BLOCK_CAPTURE_AUTORELEASING = YES;
				CLANG_WARN_BOOL_CONVERSION = YES;
				CLANG_WARN_COMMA = YES;
				CLANG_WARN_CONSTANT_CONVERSION = YES;
				CLANG_WARN_DEPRECATED_OBJC_IMPLEMENTATIONS = YES;
				CLANG_WARN_DIRECT_OBJC_ISA_USAGE = YES_ERROR;
				CLANG_WARN_DOCUMENTATION_COMMENTS = YES;
				CLANG_WARN_EMPTY_BODY = YES;
				CLANG_WARN_ENUM_CONVERSION = YES;
				CLANG_WARN_INFINITE_RECURSION = YES;
				CLANG_WARN_INT_CONVERSION = YES;
				CLANG_WARN_NON_LITERAL_NULL_CONVERSION = YES;
				CLANG_WARN_OBJC_IMPLICIT_RETAIN_SELF = YES;
				CLANG_WARN_OBJC_LITERAL_CONVERSION = YES;
				CLANG_WARN_OBJC_ROOT_CLASS = YES_ERROR;
				CLANG_WARN_QUOTED_INCLUDE_IN_FRAMEWORK_HEADER = YES;
				CLANG_WARN_RANGE_LOOP_ANALYSIS = YES;
				CLANG_WARN_STRICT_PROTOTYPES = YES;
				CLANG_WARN_SUSPICIOUS_MOVE = YES;
				CLANG_WARN_UNGUARDED_AVAILABILITY = YES_AGGRESSIVE;
				CLANG_WARN_UNREACHABLE_CODE = YES;
				CLANG_WARN__DUPLICATE_METHOD_MATCH = YES;
				COPY_PHASE_STRIP = NO;
				DEBUG_INFORMATION_FORMAT = "dwarf-with-dsym";
				ENABLE_NS_ASSERTIONS = NO;
				ENABLE_STRICT_OBJC_MSGSEND = YES;
				ENABLE_USER_SCRIPT_SANDBOXING = YES;
				GCC_C_LANGUAGE_STANDARD = gnu17;
				GCC_NO_COMMON_BLOCKS = YES;
				GCC_WARN_64_TO_32_BIT_CONVERSION = YES;
				GCC_WARN_ABOUT_RETURN_TYPE = YES_ERROR;
				GCC_WARN_UNDECLARED_SELECTOR = YES;
				GCC_WARN_UNINITIALIZED_AUTOS = YES_AGGRESSIVE;
				GCC_WARN_UNUSED_FUNCTION = YES;
				GCC_WARN_UNUSED_VARIABLE = YES;
				IPHONEOS_DEPLOYMENT_TARGET = 17.0;
				LOCALIZATION_PREFERS_STRING_CATALOGS = YES;
				MTL_ENABLE_DEBUG_INFO = NO;
				MTL_FAST_MATH = YES;
				SDKROOT = iphoneos;
				SWIFT_COMPILATION_MODE = wholemodule;
				VALIDATE_PRODUCT = YES;
			};
			name = Release;
		};
		7F0905572B185E2C00F0637C /* Debug */ = {
			isa = XCBuildConfiguration;
			buildSettings = {
				ASSETCATALOG_COMPILER_APPICON_NAME = AppIcon;
				ASSETCATALOG_COMPILER_GLOBAL_ACCENT_COLOR_NAME = AccentColor;
				CODE_SIGN_STYLE = Automatic;
				CURRENT_PROJECT_VERSION = 1;
				DEVELOPMENT_ASSET_PATHS = "\"Final Project_MoLab/Preview Content\"";
				DEVELOPMENT_TEAM = MK337R7LM7;
				ENABLE_PREVIEWS = YES;
				GENERATE_INFOPLIST_FILE = YES;
				INFOPLIST_KEY_UIApplicationSceneManifest_Generation = YES;
				INFOPLIST_KEY_UIApplicationSupportsIndirectInputEvents = YES;
				INFOPLIST_KEY_UILaunchScreen_Generation = YES;
				INFOPLIST_KEY_UISupportedInterfaceOrientations_iPad = "UIInterfaceOrientationPortrait UIInterfaceOrientationPortraitUpsideDown UIInterfaceOrientationLandscapeLeft UIInterfaceOrientationLandscapeRight";
				INFOPLIST_KEY_UISupportedInterfaceOrientations_iPhone = "UIInterfaceOrientationPortrait UIInterfaceOrientationLandscapeLeft UIInterfaceOrientationLandscapeRight";
				IPHONEOS_DEPLOYMENT_TARGET = 15.0;
				LD_RUNPATH_SEARCH_PATHS = (
					"$(inherited)",
					"@executable_path/Frameworks",
				);
				MARKETING_VERSION = 1.0;
				PRODUCT_BUNDLE_IDENTIFIER = "com.yx2165.Week11.Final-Project-MoLab";
				PRODUCT_NAME = "$(TARGET_NAME)";
				SWIFT_EMIT_LOC_STRINGS = YES;
				SWIFT_VERSION = 5.0;
				TARGETED_DEVICE_FAMILY = "1,2";
			};
			name = Debug;
		};
		7F0905582B185E2C00F0637C /* Release */ = {
			isa = XCBuildConfiguration;
			buildSettings = {
				ASSETCATALOG_COMPILER_APPICON_NAME = AppIcon;
				ASSETCATALOG_COMPILER_GLOBAL_ACCENT_COLOR_NAME = AccentColor;
				CODE_SIGN_STYLE = Automatic;
				CURRENT_PROJECT_VERSION = 1;
				DEVELOPMENT_ASSET_PATHS = "\"Final Project_MoLab/Preview Content\"";
				DEVELOPMENT_TEAM = MK337R7LM7;
				ENABLE_PREVIEWS = YES;
				GENERATE_INFOPLIST_FILE = YES;
				INFOPLIST_KEY_UIApplicationSceneManifest_Generation = YES;
				INFOPLIST_KEY_UIApplicationSupportsIndirectInputEvents = YES;
				INFOPLIST_KEY_UILaunchScreen_Generation = YES;
				INFOPLIST_KEY_UISupportedInterfaceOrientations_iPad = "UIInterfaceOrientationPortrait UIInterfaceOrientationPortraitUpsideDown UIInterfaceOrientationLandscapeLeft UIInterfaceOrientationLandscapeRight";
				INFOPLIST_KEY_UISupportedInterfaceOrientations_iPhone = "UIInterfaceOrientationPortrait UIInterfaceOrientationLandscapeLeft UIInterfaceOrientationLandscapeRight";
				IPHONEOS_DEPLOYMENT_TARGET = 15.0;
				LD_RUNPATH_SEARCH_PATHS = (
					"$(inherited)",
					"@executable_path/Frameworks",
				);
				MARKETING_VERSION = 1.0;
				PRODUCT_BUNDLE_IDENTIFIER = "com.yx2165.Week11.Final-Project-MoLab";
				PRODUCT_NAME = "$(TARGET_NAME)";
				SWIFT_EMIT_LOC_STRINGS = YES;
				SWIFT_VERSION = 5.0;
				TARGETED_DEVICE_FAMILY = "1,2";
			};
			name = Release;
		};
/* End XCBuildConfiguration section */

/* Begin XCConfigurationList section */
		7F0905432B185E2B00F0637C /* Build configuration list for PBXProject "Final Project_MoLab" */ = {
			isa = XCConfigurationList;
			buildConfigurations = (
				7F0905542B185E2C00F0637C /* Debug */,
				7F0905552B185E2C00F0637C /* Release */,
			);
			defaultConfigurationIsVisible = 0;
			defaultConfigurationName = Release;
		};
		7F0905562B185E2C00F0637C /* Build configuration list for PBXNativeTarget "Final Project_MoLab" */ = {
			isa = XCConfigurationList;
			buildConfigurations = (
				7F0905572B185E2C00F0637C /* Debug */,
				7F0905582B185E2C00F0637C /* Release */,
			);
			defaultConfigurationIsVisible = 0;
			defaultConfigurationName = Release;
		};
/* End XCConfigurationList section */
	};
	rootObject = 7F0905402B185E2B00F0637C /* Project object */;
}
